
Microsoft Visual Studio Solution File, Format Version 12.00
# Visual Studio 15
VisualStudioVersion = 15.0.28307.168
MinimumVisualStudioVersion = 10.0.40219.1
Project("{E24C65DC-7377-472B-9ABA-BC803B73C61A}") = "WebServis", "WebServis\", "{45B84429-4000-4D8F-B885-DBFD01A1ED1B}"
	ProjectSection(WebsiteProperties) = preProject
		TargetFrameworkMoniker = ".NETFramework,Version%3Dv4.6.1"
		Debug.AspNetCompiler.VirtualPath = "/localhost_50798"
		Debug.AspNetCompiler.PhysicalPath = "WebServis\"
		Debug.AspNetCompiler.TargetPath = "PrecompiledWeb\localhost_50798\"
		Debug.AspNetCompiler.Updateable = "true"
		Debug.AspNetCompiler.ForceOverwrite = "true"
		Debug.AspNetCompiler.FixedNames = "false"
		Debug.AspNetCompiler.Debug = "True"
		Release.AspNetCompiler.VirtualPath = "/localhost_50798"
		Release.AspNetCompiler.PhysicalPath = "WebServis\"
		Release.AspNetCompiler.TargetPath = "PrecompiledWeb\localhost_50798\"
		Release.AspNetCompiler.Updateable = "true"
		Release.AspNetCompiler.ForceOverwrite = "true"
		Release.AspNetCompiler.FixedNames = "false"
		Release.AspNetCompiler.Debug = "False"
		VWDPort = "50798"
		SlnRelativePath = "WebServis\"
		DefaultWebSiteLanguage = "Visual C#"
	EndProjectSection
EndProject
Global
	GlobalSection(SolutionConfigurationPlatforms) = preSolution
		Debug|Any CPU = Debug|Any CPU
	EndGlobalSection
	GlobalSection(ProjectConfigurationPlatforms) = postSolution
		{45B84429-4000-4D8F-B885-DBFD01A1ED1B}.Debug|Any CPU.ActiveCfg = Debug|Any CPU
		{45B84429-4000-4D8F-B885-DBFD01A1ED1B}.Debug|Any CPU.Build.0 = Debug|Any CPU
	EndGlobalSection
	GlobalSection(SolutionProperties) = preSolution
		HideSolutionNode = FALSE
	EndGlobalSection
	GlobalSection(ExtensibilityGlobals) = postSolution
		SolutionGuid = {983D337C-D4A7-43C4-BD9C-0E15BE281AC1}
	EndGlobalSection
EndGlobal
